
Microsoft Visual Studio Solution File, Format Version 12.00
# Visual Studio Version 17
VisualStudioVersion = 17.10.34916.146
MinimumVisualStudioVersion = 10.0.40219.1
Project("{FAE04EC0-301F-11D3-BF4B-00C04F79EFBC}") = "eComm.API", "eComm.API\eComm.API.csproj", "{7C4F9ED8-4841-4416-8870-FEB63C8D616F}"
EndProject
Project("{FAE04EC0-301F-11D3-BF4B-00C04F79EFBC}") = "eComm.Domain", "eComm.Domain\eComm.Domain.csproj", "{514E5E87-E33F-4A42-9AE0-2BB2AC2F001A}"
EndProject
Project("{FAE04EC0-301F-11D3-BF4B-00C04F79EFBC}") = "eComm.Application", "eComm.Application\eComm.Application.csproj", "{2A723F21-42FC-43A4-B7F9-998DA0255498}"
EndProject
Project("{FAE04EC0-301F-11D3-BF4B-00C04F79EFBC}") = "eComm.Infrastructure", "eComm.Infrastructure\eComm.Infrastructure.csproj", "{B1E5D1C3-E258-4B98-869E-D1CDE9BE8233}"
EndProject
Global
	GlobalSection(SolutionConfigurationPlatforms) = preSolution
		Debug|Any CPU = Debug|Any CPU
		Release|Any CPU = Release|Any CPU
	EndGlobalSection
	GlobalSection(ProjectConfigurationPlatforms) = postSolution
		{7C4F9ED8-4841-4416-8870-FEB63C8D616F}.Debug|Any CPU.ActiveCfg = Debug|Any CPU
		{7C4F9ED8-4841-4416-8870-FEB63C8D616F}.Debug|Any CPU.Build.0 = Debug|Any CPU
		{7C4F9ED8-4841-4416-8870-FEB63C8D616F}.Release|Any CPU.ActiveCfg = Release|Any CPU
		{7C4F9ED8-4841-4416-8870-FEB63C8D616F}.Release|Any CPU.Build.0 = Release|Any CPU
		{514E5E87-E33F-4A42-9AE0-2BB2AC2F001A}.Debug|Any CPU.ActiveCfg = Debug|Any CPU
		{514E5E87-E33F-4A42-9AE0-2BB2AC2F001A}.Debug|Any CPU.Build.0 = Debug|Any CPU
		{514E5E87-E33F-4A42-9AE0-2BB2AC2F001A}.Release|Any CPU.ActiveCfg = Release|Any CPU
		{514E5E87-E33F-4A42-9AE0-2BB2AC2F001A}.Release|Any CPU.Build.0 = Release|Any CPU
		{2A723F21-42FC-43A4-B7F9-998DA0255498}.Debug|Any CPU.ActiveCfg = Debug|Any CPU
		{2A723F21-42FC-43A4-B7F9-998DA0255498}.Debug|Any CPU.Build.0 = Debug|Any CPU
		{2A723F21-42FC-43A4-B7F9-998DA0255498}.Release|Any CPU.ActiveCfg = Release|Any CPU
		{2A723F21-42FC-43A4-B7F9-998DA0255498}.Release|Any CPU.Build.0 = Release|Any CPU
		{B1E5D1C3-E258-4B98-869E-D1CDE9BE8233}.Debug|Any CPU.ActiveCfg = Debug|Any CPU
		{B1E5D1C3-E258-4B98-869E-D1CDE9BE8233}.Debug|Any CPU.Build.0 = Debug|Any CPU
		{B1E5D1C3-E258-4B98-869E-D1CDE9BE8233}.Release|Any CPU.ActiveCfg = Release|Any CPU
		{B1E5D1C3-E258-4B98-869E-D1CDE9BE8233}.Release|Any CPU.Build.0 = Release|Any CPU
	EndGlobalSection
	GlobalSection(SolutionProperties) = preSolution
		HideSolutionNode = FALSE
	EndGlobalSection
	GlobalSection(ExtensibilityGlobals) = postSolution
		SolutionGuid = {D4737348-1932-447B-8024-D603AB8ED629}
	EndGlobalSection
EndGlobal
